
Microsoft Visual Studio Solution File, Format Version 12.00
# Visual Studio 15
VisualStudioVersion = 15.0.27130.2036
MinimumVisualStudioVersion = 10.0.40219.1
Project("{FAE04EC0-301F-11D3-BF4B-00C04F79EFBC}") = "VirtualUniversity", "VirtualUniversity\VirtualUniversity.csproj", "{FD5085F5-2896-4E04-B907-5382E1AEB459}"
EndProject
Global
	GlobalSection(SolutionConfigurationPlatforms) = preSolution
		Debug|Any CPU = Debug|Any CPU
		Release|Any CPU = Release|Any CPU
	EndGlobalSection
	GlobalSection(ProjectConfigurationPlatforms) = postSolution
		{FD5085F5-2896-4E04-B907-5382E1AEB459}.Debug|Any CPU.ActiveCfg = Debug|Any CPU
		{FD5085F5-2896-4E04-B907-5382E1AEB459}.Debug|Any CPU.Build.0 = Debug|Any CPU
		{FD5085F5-2896-4E04-B907-5382E1AEB459}.Release|Any CPU.ActiveCfg = Release|Any CPU
		{FD5085F5-2896-4E04-B907-5382E1AEB459}.Release|Any CPU.Build.0 = Release|Any CPU
	EndGlobalSection
	GlobalSection(SolutionProperties) = preSolution
		HideSolutionNode = FALSE
	EndGlobalSection
	GlobalSection(ExtensibilityGlobals) = postSolution
		SolutionGuid = {C72DAE60-2112-49F7-A714-98B930E566DB}
	EndGlobalSection
EndGlobal
